(setq el-get-lock-package-versions
      '((ddskk :checksum "363a91933d8c83e03be042bd7fbbda8eac3b0b72")
        (lua-mode :checksum "95c64bb5634035630e8c59d10d4a1d1003265743")
        (ample-regexps :checksum "cbe91e148cac1ee8e223874dc956ed4cf607f046")
        (web-mode :checksum "5da977bec7714c09d41b556e2d651ccb269a14a2")
        (tide :checksum "7a6d6247ef6fbf534705ec6284a8594b48d4c00c")
        (typescript-mode :checksum "18dc5a36a60d7c5465bb161000fefbcc192fe9b5")
        (rustic :checksum "b2754fb8d0e0f824ad18c6780e59028998289de5")
        (projectile :checksum "dc02c5143233a9abdeba70711e36399a01ddf445")
        (f :checksum "8191672377816a1975414cc1f116fd3b94b30bd0")
        (markdown-mode :checksum "53db08184b84ac2bb0709d3ef4dfbaf97965e0d9")
        (s :checksum "03410e6a7a2b11e47e1fea3b7d9899c7df26435e")
        (spinner :checksum "4b335260edcdd8dcee0811d7048bb08274e941f1")
        (xterm-color :checksum "42374a98f1039e105cad9f16ce585dffc96a3f1c")
        (yasnippet :checksum "1d96da2e08664c31ff7f6f7441da1f4fa5680b1f")
        (eglot :checksum "17ec29b4382d8c85190fa541d306ea5c4d38bf8b")
        (howm :checksum "bb6eddf39b030ed53493ac654e384eef6fb2a32a")
        (org-mode :checksum "465255f82fd1d85c9c74a73a31fb3c18fa98d53a")
        (flycheck :checksum "da9395a59c2b27c2726d0aaecde7ea0b40c26664")
        (pkg-info :checksum "76ba7415480687d05a4353b27fea2ae02b8d9d61")
        (epl :checksum "78ab7a85c08222cd15582a298a364774e3282ce6")
        (dash :checksum "63022432e1f7bcc5af9582f29d4ed0552a2e658b")
        (company-quickhelp :checksum "479676cade80a9f03802ca3d956591820ed5c537")
        (pos-tip :checksum "051e08fec5cf30b7574bdf439f79fef7d42d689d")
        (company-mode :checksum "a7c689a9ef5d07ae88beb95f09f1bbe06d2f1f27")
        (swiper :checksum "ebfea9b635d8f215d81f11963305cd865b386954")
        (auto-save-buffers-enhanced :checksum "461e8c816c1b7c650be5f209078b381fe55da8c6")
        (with-eval-after-load-feature :checksum "0b38651a5f0dafdfe04bd0032eb5ff803e99460b")))
(setq el-get-lock-locked-packages 'nil)
(setq el-get-lock-unlocked-packages 'nil)
