(setq el-get-lock-package-versions
      '((web-mode :checksum "5da977bec7714c09d41b556e2d651ccb269a14a2")
        (tide :checksum "4b84c080cf78d085c24bcd38a300cd36bef4aac5")
        (typescript-mode :checksum "18dc5a36a60d7c5465bb161000fefbcc192fe9b5")
        (rustic :checksum "5cda1558605cc3f7c6c0c2ffb962f076bc5c876a")
        (xterm-color :checksum "42374a98f1039e105cad9f16ce585dffc96a3f1c")
        (projectile :checksum "a6ecae5e8b57874d418f70cc620b97e8157a710b")
        (markdown-mode :checksum "53db08184b84ac2bb0709d3ef4dfbaf97965e0d9")
        (go-mode :checksum "120fb911f1d8038f828da85eed8aaad977dabd8c")
        (emacs-fish :checksum "35fc7c1e243a7410823088a571ecf378e9f3efa6")
        (ddskk :checksum "363a91933d8c83e03be042bd7fbbda8eac3b0b72")
        (company-lsp :checksum "4eb6949f19892be7bf682381cde005791a48583a")
        (lsp-mode :checksum "cb076c7c71a1f75a2770d210391a5859a517617b")
        (f :checksum "8191672377816a1975414cc1f116fd3b94b30bd0")
        (lua-mode :checksum "95c64bb5634035630e8c59d10d4a1d1003265743")
        (ample-regexps :checksum "cbe91e148cac1ee8e223874dc956ed4cf607f046")
        (s :checksum "03410e6a7a2b11e47e1fea3b7d9899c7df26435e")
        (ht :checksum "8ec3eb96ee63430fb24257e4aa8169b50cb7be12")
        (spinner :checksum "4b335260edcdd8dcee0811d7048bb08274e941f1")
        (howm :checksum "bb6eddf39b030ed53493ac654e384eef6fb2a32a")
        (org-mode :checksum "ed7ea512c225f7be21471a17d2da11063f5bf3e6")
        (flycheck :checksum "3dc6dffb276d2fabc7610dc6674f5f12fab601b8")
        (pkg-info :checksum "76ba7415480687d05a4353b27fea2ae02b8d9d61")
        (epl :checksum "78ab7a85c08222cd15582a298a364774e3282ce6")
        (dash :checksum "63022432e1f7bcc5af9582f29d4ed0552a2e658b")
        (company-quickhelp :checksum "479676cade80a9f03802ca3d956591820ed5c537")
        (pos-tip :checksum "051e08fec5cf30b7574bdf439f79fef7d42d689d")
        (company-mode :checksum "a7c689a9ef5d07ae88beb95f09f1bbe06d2f1f27")
        (swiper :checksum "3f77b6ca5cf3766003a5d743185cabcea71441c2")
        (auto-save-buffers-enhanced :checksum "461e8c816c1b7c650be5f209078b381fe55da8c6")
        (with-eval-after-load-feature :checksum "0b38651a5f0dafdfe04bd0032eb5ff803e99460b")))
(setq el-get-lock-locked-packages 'nil)
(setq el-get-lock-unlocked-packages 'nil)
